<?xml version="1.0" encoding="utf-8"?>
<Project ToolsVersion="4.0" xmlns="http://schemas.microsoft.com/developer/msbuild/2003">
  <ItemGroup>
    <Filter Include="include">
      <UniqueIdentifier>{cc1d2cf7-c56f-4b70-90e7-9eec94dbb673}</UniqueIdentifier>
    </Filter>
    <Filter Include="src">
      <UniqueIdentifier>{25b19c2f-7f0c-497a-8f83-0f5698ad8fbd}</UniqueIdentifier>
    </Filter>
  </ItemGroup>
  <ItemGroup>
    <None Include="todo.txt" />
  </ItemGroup>
  <ItemGroup>
    <ClInclude Include="..\..\..\src\catheter_arduino_gui\inc\com\pc_utils.h">
      <Filter>include</Filter>
    </ClInclude>
    <ClInclude Include="..\..\..\src\catheter_arduino_gui\inc\com\common_utils.h">
      <Filter>include</Filter>
    </ClInclude>
    <ClInclude Include="..\..\..\src\catheter_arduino_gui\inc\ser\simple_serial.h">
      <Filter>include</Filter>
    </ClInclude>
    <ClInclude Include="..\..\..\src\catheter_arduino_gui\inc\ser\serial_sender.h">
      <Filter>include</Filter>
    </ClInclude>
    <ClInclude Include="..\..\..\src\catheter_arduino_gui\inc\gui\catheter_grid.h">
      <Filter>include</Filter>
    </ClInclude>
    <ClInclude Include="..\..\..\src\catheter_arduino_gui\inc\gui\catheter_gui.h">
      <Filter>include</Filter>
    </ClInclude>
    <ClInclude Include="..\..\..\src\catheter_arduino_gui\inc\ser\serial_thread.h">
      <Filter>include</Filter>
    </ClInclude>
    <ClInclude Include="..\..\..\src\catheter_arduino_gui\inc\gui\status_text.h">
      <Filter>include</Filter>
    </ClInclude>
    <ClInclude Include="..\..\..\src\catheter_arduino_gui\inc\gui\status_frame.h">
      <Filter>include</Filter>
    </ClInclude>
  </ItemGroup>
  <ItemGroup>
    <ClCompile Include="..\..\..\src\catheter_arduino_gui\src\com\common_utils.cpp">
      <Filter>src</Filter>
    </ClCompile>
    <ClCompile Include="..\..\..\src\catheter_arduino_gui\src\com\pc_utils.cpp">
      <Filter>src</Filter>
    </ClCompile>
    <ClCompile Include="..\..\..\src\catheter_arduino_gui\src\gui\catheter_grid.cpp">
      <Filter>src</Filter>
    </ClCompile>
    <ClCompile Include="..\..\..\src\catheter_arduino_gui\src\gui\catheter_gui.cpp">
      <Filter>src</Filter>
    </ClCompile>
    <ClCompile Include="..\..\..\src\catheter_arduino_gui\src\ser\serial_sender.cpp">
      <Filter>src</Filter>
    </ClCompile>
    <ClCompile Include="..\..\..\src\catheter_arduino_gui\src\ser\simple_serial.cpp">
      <Filter>src</Filter>
    </ClCompile>
    <ClCompile Include="..\..\..\src\catheter_arduino_gui\src\ser\serial_thread.cpp">
      <Filter>src</Filter>
    </ClCompile>
    <ClCompile Include="..\..\..\src\catheter_arduino_gui\src\gui\status_text.cpp">
      <Filter>src</Filter>
    </ClCompile>
    <ClCompile Include="..\..\..\src\catheter_arduino_gui\src\gui\status_frame.cpp">
      <Filter>src</Filter>
    </ClCompile>
  </ItemGroup>
</Project>